<?xml version="1.0" encoding="utf-8"?>
<Project ToolsVersion="4.0" xmlns="http://schemas.microsoft.com/developer/msbuild/2003">
  <ItemGroup>
    <ClInclude Include="..\Dependencies\SFML-2.5.1\include\SFML\Window.hpp">
      <Filter>sfml</Filter>
    </ClInclude>
    <ClInclude Include="..\Dependencies\SFML-2.5.1\include\SFML\System.hpp">
      <Filter>sfml</Filter>
    </ClInclude>
    <ClInclude Include="..\Dependencies\SFML-2.5.1\include\SFML\OpenGL.hpp">
      <Filter>sfml</Filter>
    </ClInclude>
    <ClInclude Include="..\Dependencies\SFML-2.5.1\include\SFML\Network.hpp">
      <Filter>sfml</Filter>
    </ClInclude>
    <ClInclude Include="..\Dependencies\SFML-2.5.1\include\SFML\Main.hpp">
      <Filter>sfml</Filter>
    </ClInclude>
    <ClInclude Include="..\Dependencies\SFML-2.5.1\include\SFML\Graphics.hpp">
      <Filter>sfml</Filter>
    </ClInclude>
    <ClInclude Include="..\Dependencies\SFML-2.5.1\include\SFML\Audio.hpp">
      <Filter>sfml</Filter>
    </ClInclude>
    <ClInclude Include="..\Dependencies\SFML-2.5.1\include\SFML\Config.hpp">
      <Filter>sfml</Filter>
    </ClInclude>
    <ClInclude Include="..\Dependencies\SFML-2.5.1\include\SFML\GpuPreference.hpp">
      <Filter>sfml</Filter>
    </ClInclude>
    <ClInclude Include="DllSystem.hpp" />
    <ClInclude Include="ProjectSystem.hpp" />
    <ClInclude Include="Trekkier.hpp" />
  </ItemGroup>
  <ItemGroup>
    <Filter Include="sfml">
      <UniqueIdentifier>{991be417-4089-4c99-b0fc-869db8b843cd}</UniqueIdentifier>
    </Filter>
  </ItemGroup>
  <ItemGroup>
    <ClCompile Include="DllSystem.cpp" />
    <ClCompile Include="ProjectSystem.cpp" />
    <ClCompile Include="Trekkier.cpp" />
  </ItemGroup>
</Project>